
Microsoft Visual Studio Solution File, Format Version 12.00
# Visual Studio Version 17
VisualStudioVersion = 17.8.34004.107
MinimumVisualStudioVersion = 10.0.40219.1
Project("{FAE04EC0-301F-11D3-BF4B-00C04F79EFBC}") = "Amoeba", "Amoeba.csproj", "{A42F888A-5A2E-4752-9946-0F7134E1FEDE}"
EndProject
Global
	GlobalSection(SolutionConfigurationPlatforms) = preSolution
		Debug|Any CPU = Debug|Any CPU
		Release|Any CPU = Release|Any CPU
	EndGlobalSection
	GlobalSection(ProjectConfigurationPlatforms) = postSolution
		{A42F888A-5A2E-4752-9946-0F7134E1FEDE}.Debug|Any CPU.ActiveCfg = Debug|Any CPU
		{A42F888A-5A2E-4752-9946-0F7134E1FEDE}.Debug|Any CPU.Build.0 = Debug|Any CPU
		{A42F888A-5A2E-4752-9946-0F7134E1FEDE}.Release|Any CPU.ActiveCfg = Release|Any CPU
		{A42F888A-5A2E-4752-9946-0F7134E1FEDE}.Release|Any CPU.Build.0 = Release|Any CPU
	EndGlobalSection
	GlobalSection(SolutionProperties) = preSolution
		HideSolutionNode = FALSE
	EndGlobalSection
	GlobalSection(ExtensibilityGlobals) = postSolution
		SolutionGuid = {9A4B1E80-E7C6-4828-868A-AF4A7B01AAB1}
	EndGlobalSection
EndGlobal
